// !$*UTF8*$!
{
	archiveVersion = 1;
	classes = {
	};
	objectVersion = 50;
	objects = {

/* Begin PBXBuildFile section */
		42A9D6A52231993F00C673AE /* XyzLineChartRenderer.swift in Sources */ = {isa = PBXBuildFile; fileRef = 42A9D6A42231993F00C673AE /* XyzLineChartRenderer.swift */; };
		42AB73B6222F35190071CD86 /* AppDelegate.swift in Sources */ = {isa = PBXBuildFile; fileRef = 42AB73B5222F35190071CD86 /* AppDelegate.swift */; };
		42AB73B8222F35190071CD86 /* ViewController.swift in Sources */ = {isa = PBXBuildFile; fileRef = 42AB73B7222F35190071CD86 /* ViewController.swift */; };
		42AB73BB222F35190071CD86 /* Main.storyboard in Resources */ = {isa = PBXBuildFile; fileRef = 42AB73B9222F35190071CD86 /* Main.storyboard */; };
		42AB73BD222F351C0071CD86 /* Assets.xcassets in Resources */ = {isa = PBXBuildFile; fileRef = 42AB73BC222F351C0071CD86 /* Assets.xcassets */; };
		42AB73C0222F351C0071CD86 /* LaunchScreen.storyboard in Resources */ = {isa = PBXBuildFile; fileRef = 42AB73BE222F351C0071CD86 /* LaunchScreen.storyboard */; };
		DAD2532729AA9E007FFD6679 /* Pods_ChartsTest.framework in Frameworks */ = {isa = PBXBuildFile; fileRef = 54EFD61C8ADECE5EA8EA422B /* Pods_ChartsTest.framework */; };
/* End PBXBuildFile section */

/* Begin PBXFileReference section */
		42A9D6A42231993F00C673AE /* XyzLineChartRenderer.swift */ = {isa = PBXFileReference; lastKnownFileType = sourcecode.swift; path = XyzLineChartRenderer.swift; sourceTree = "<group>"; };
		42AB73B2222F35190071CD86 /* ChartsTest.app */ = {isa = PBXFileReference; explicitFileType = wrapper.application; includeInIndex = 0; path = ChartsTest.app; sourceTree = BUILT_PRODUCTS_DIR; };
		42AB73B5222F35190071CD86 /* AppDelegate.swift */ = {isa = PBXFileReference; lastKnownFileType = sourcecode.swift; path = AppDelegate.swift; sourceTree = "<group>"; };
		42AB73B7222F35190071CD86 /* ViewController.swift */ = {isa = PBXFileReference; lastKnownFileType = sourcecode.swift; path = ViewController.swift; sourceTree = "<group>"; };
		42AB73BA222F35190071CD86 /* Base */ = {isa = PBXFileReference; lastKnownFileType = file.storyboard; name = Base; path = Base.lproj/Main.storyboard; sourceTree = "<group>"; };
		42AB73BC222F351C0071CD86 /* Assets.xcassets */ = {isa = PBXFileReference; lastKnownFileType = folder.assetcatalog; path = Assets.xcassets; sourceTree = "<group>"; };
		42AB73BF222F351C0071CD86 /* Base */ = {isa = PBXFileReference; lastKnownFileType = file.storyboard; name = Base; path = Base.lproj/LaunchScreen.storyboard; sourceTree = "<group>"; };
		42AB73C1222F351C0071CD86 /* Info.plist */ = {isa = PBXFileReference; lastKnownFileType = text.plist.xml; path = Info.plist; sourceTree = "<group>"; };
		54EFD61C8ADECE5EA8EA422B /* Pods_ChartsTest.framework */ = {isa = PBXFileReference; explicitFileType = wrapper.framework; includeInIndex = 0; path = Pods_ChartsTest.framework; sourceTree = BUILT_PRODUCTS_DIR; };
		76DFF4FA33CE9273E0FEBD44 /* Pods-ChartsTest.release.xcconfig */ = {isa = PBXFileReference; includeInIndex = 1; lastKnownFileType = text.xcconfig; name = "Pods-ChartsTest.release.xcconfig"; path = "Target Support Files/Pods-ChartsTest/Pods-ChartsTest.release.xcconfig"; sourceTree = "<group>"; };
		D5EE64D88F3B5562ED371EFF /* Pods-ChartsTest.debug.xcconfig */ = {isa = PBXFileReference; includeInIndex = 1; lastKnownFileType = text.xcconfig; name = "Pods-ChartsTest.debug.xcconfig"; path = "Target Support Files/Pods-ChartsTest/Pods-ChartsTest.debug.xcconfig"; sourceTree = "<group>"; };
/* End PBXFileReference section */

/* Begin PBXFrameworksBuildPhase section */
		42AB73AF222F35190071CD86 /* Frameworks */ = {
			isa = PBXFrameworksBuildPhase;
			buildActionMask = 2147483647;
			files = (
				DAD2532729AA9E007FFD6679 /* Pods_ChartsTest.framework in Frameworks */,
			);
			runOnlyForDeploymentPostprocessing = 0;
		};
/* End PBXFrameworksBuildPhase section */

/* Begin PBXGroup section */
		42A9D6A32231991E00C673AE /* Charts */ = {
			isa = PBXGroup;
			children = (
				42A9D6A42231993F00C673AE /* XyzLineChartRenderer.swift */,
			);
			path = Charts;
			sourceTree = "<group>";
		};
		42AB73A9222F35180071CD86 = {
			isa = PBXGroup;
			children = (
				42AB73B4222F35190071CD86 /* ChartsTest */,
				42AB73B3222F35190071CD86 /* Products */,
				4FC2AB31ADFC602FB5AE2507 /* Pods */,
				9E88EFEABCB06F0687C4BE2B /* Frameworks */,
			);
			sourceTree = "<group>";
		};
		42AB73B3222F35190071CD86 /* Products */ = {
			isa = PBXGroup;
			children = (
				42AB73B2222F35190071CD86 /* ChartsTest.app */,
			);
			name = Products;
			sourceTree = "<group>";
		};
		42AB73B4222F35190071CD86 /* ChartsTest */ = {
			isa = PBXGroup;
			children = (
				42A9D6A32231991E00C673AE /* Charts */,
				42AB73B5222F35190071CD86 /* AppDelegate.swift */,
				42AB73B7222F35190071CD86 /* ViewController.swift */,
				42AB73B9222F35190071CD86 /* Main.storyboard */,
				42AB73BC222F351C0071CD86 /* Assets.xcassets */,
				42AB73BE222F351C0071CD86 /* LaunchScreen.storyboard */,
				42AB73C1222F351C0071CD86 /* Info.plist */,
			);
			path = ChartsTest;
			sourceTree = "<group>";
		};
		4FC2AB31ADFC602FB5AE2507 /* Pods */ = {
			isa = PBXGroup;
			children = (
				D5EE64D88F3B5562ED371EFF /* Pods-ChartsTest.debug.xcconfig */,
				76DFF4FA33CE9273E0FEBD44 /* Pods-ChartsTest.release.xcconfig */,
			);
			path = Pods;
			sourceTree = "<group>";
		};
		9E88EFEABCB06F0687C4BE2B /* Frameworks */ = {
			isa = PBXGroup;
			children = (
				54EFD61C8ADECE5EA8EA422B /* Pods_ChartsTest.framework */,
			);
			name = Frameworks;
			sourceTree = "<group>";
		};
/* End PBXGroup section */

/* Begin PBXNativeTarget section */
		42AB73B1222F35190071CD86 /* ChartsTest */ = {
			isa = PBXNativeTarget;
			buildConfigurationList = 42AB73C4222F351C0071CD86 /* Build configuration list for PBXNativeTarget "ChartsTest" */;
			buildPhases = (
				06176AD7F6D2A625D25D3D69 /* [CP] Check Pods Manifest.lock */,
				42AB73AE222F35190071CD86 /* Sources */,
				42AB73AF222F35190071CD86 /* Frameworks */,
				42AB73B0222F35190071CD86 /* Resources */,
				96446DBE5AB4F58F09EEFD43 /* [CP] Embed Pods Frameworks */,
			);
			buildRules = (
			);
			dependencies = (
			);
			name = ChartsTest;
			productName = ChartsTest;
			productReference = 42AB73B2222F35190071CD86 /* ChartsTest.app */;
			productType = "com.apple.product-type.application";
		};
/* End PBXNativeTarget section */

/* Begin PBXProject section */
		42AB73AA222F35180071CD86 /* Project object */ = {
			isa = PBXProject;
			attributes = {
				LastSwiftUpdateCheck = 1010;
				LastUpgradeCheck = 1010;
				ORGANIZATIONNAME = "Joshua May";
				TargetAttributes = {
					42AB73B1222F35190071CD86 = {
						CreatedOnToolsVersion = 10.1;
					};
				};
			};
			buildConfigurationList = 42AB73AD222F35180071CD86 /* Build configuration list for PBXProject "ChartsTest" */;
			compatibilityVersion = "Xcode 9.3";
			developmentRegion = en;
			hasScannedForEncodings = 0;
			knownRegions = (
				en,
				Base,
			);
			mainGroup = 42AB73A9222F35180071CD86;
			productRefGroup = 42AB73B3222F35190071CD86 /* Products */;
			projectDirPath = "";
			projectRoot = "";
			targets = (
				42AB73B1222F35190071CD86 /* ChartsTest */,
			);
		};
/* End PBXProject section */

/* Begin PBXResourcesBuildPhase section */
		42AB73B0222F35190071CD86 /* Resources */ = {
			isa = PBXResourcesBuildPhase;
			buildActionMask = 2147483647;
			files = (
				42AB73C0222F351C0071CD86 /* LaunchScreen.storyboard in Resources */,
				42AB73BD222F351C0071CD86 /* Assets.xcassets in Resources */,
				42AB73BB222F35190071CD86 /* Main.storyboard in Resources */,
			);
			runOnlyForDeploymentPostprocessing = 0;
		};
/* End PBXResourcesBuildPhase section */

/* Begin PBXShellScriptBuildPhase section */
		06176AD7F6D2A625D25D3D69 /* [CP] Check Pods Manifest.lock */ = {
			isa = PBXShellScriptBuildPhase;
			buildActionMask = 2147483647;
			files = (
			);
			inputFileListPaths = (
			);
			inputPaths = (
				"${PODS_PODFILE_DIR_PATH}/Podfile.lock",
				"${PODS_ROOT}/Manifest.lock",
			);
			name = "[CP] Check Pods Manifest.lock";
			outputFileListPaths = (
			);
			outputPaths = (
				"$(DERIVED_FILE_DIR)/Pods-ChartsTest-checkManifestLockResult.txt",
			);
			runOnlyForDeploymentPostprocessing = 0;
			shellPath = /bin/sh;
			shellScript = "diff \"${PODS_PODFILE_DIR_PATH}/Podfile.lock\" \"${PODS_ROOT}/Manifest.lock\" > /dev/null\nif [ $? != 0 ] ; then\n    # print error to STDERR\n    echo \"error: The sandbox is not in sync with the Podfile.lock. Run 'pod install' or update your CocoaPods installation.\" >&2\n    exit 1\nfi\n# This output is used by Xcode 'outputs' to avoid re-running this script phase.\necho \"SUCCESS\" > \"${SCRIPT_OUTPUT_FILE_0}\"\n";
			showEnvVarsInLog = 0;
		};
		96446DBE5AB4F58F09EEFD43 /* [CP] Embed Pods Frameworks */ = {
			isa = PBXShellScriptBuildPhase;
			buildActionMask = 2147483647;
			files = (
			);
			inputFileListPaths = (
			);
			inputPaths = (
				"${PODS_ROOT}/Target Support Files/Pods-ChartsTest/Pods-ChartsTest-frameworks.sh",
				"${BUILT_PRODUCTS_DIR}/Charts/Charts.framework",
			);
			name = "[CP] Embed Pods Frameworks";
			outputFileListPaths = (
			);
			outputPaths = (
				"${TARGET_BUILD_DIR}/${FRAMEWORKS_FOLDER_PATH}/Charts.framework",
			);
			runOnlyForDeploymentPostprocessing = 0;
			shellPath = /bin/sh;
			shellScript = "\"${PODS_ROOT}/Target Support Files/Pods-ChartsTest/Pods-ChartsTest-frameworks.sh\"\n";
			showEnvVarsInLog = 0;
		};
/* End PBXShellScriptBuildPhase section */

/* Begin PBXSourcesBuildPhase section */
		42AB73AE222F35190071CD86 /* Sources */ = {
			isa = PBXSourcesBuildPhase;
			buildActionMask = 2147483647;
			files = (
				42AB73B8222F35190071CD86 /* ViewController.swift in Sources */,
				42AB73B6222F35190071CD86 /* AppDelegate.swift in Sources */,
				42A9D6A52231993F00C673AE /* XyzLineChartRenderer.swift in Sources */,
			);
			runOnlyForDeploymentPostprocessing = 0;
		};
/* End PBXSourcesBuildPhase section */

/* Begin PBXVariantGroup section */
		42AB73B9222F35190071CD86 /* Main.storyboard */ = {
			isa = PBXVariantGroup;
			children = (
				42AB73BA222F35190071CD86 /* Base */,
			);
			name = Main.storyboard;
			sourceTree = "<group>";
		};
		42AB73BE222F351C0071CD86 /* LaunchScreen.storyboard */ = {
			isa = PBXVariantGroup;
			children = (
				42AB73BF222F351C0071CD86 /* Base */,
			);
			name = LaunchScreen.storyboard;
			sourceTree = "<group>";
		};
/* End PBXVariantGroup section */

/* Begin XCBuildConfiguration section */
		42AB73C2222F351C0071CD86 /* Debug */ = {
			isa = XCBuildConfiguration;
			buildSettings = {
				ALWAYS_SEARCH_USER_PATHS = NO;
				CLANG_ANALYZER_NONNULL = YES;
				CLANG_ANALYZER_NUMBER_OBJECT_CONVERSION = YES_AGGRESSIVE;
				CLANG_CXX_LANGUAGE_STANDARD = "gnu++14";
				CLANG_CXX_LIBRARY = "libc++";
				CLANG_ENABLE_MODULES = YES;
				CLANG_ENABLE_OBJC_ARC = YES;
				CLANG_ENABLE_OBJC_WEAK = YES;
				CLANG_WARN_BLOCK_CAPTURE_AUTORELEASING = YES;
				CLANG_WARN_BOOL_CONVERSION = YES;
				CLANG_WARN_COMMA = YES;
				CLANG_WARN_CONSTANT_CONVERSION = YES;
				CLANG_WARN_DEPRECATED_OBJC_IMPLEMENTATIONS = YES;
				CLANG_WARN_DIRECT_OBJC_ISA_USAGE = YES_ERROR;
				CLANG_WARN_DOCUMENTATION_COMMENTS = YES;
				CLANG_WARN_EMPTY_BODY = YES;
				CLANG_WARN_ENUM_CONVERSION = YES;
				CLANG_WARN_INFINITE_RECURSION = YES;
				CLANG_WARN_INT_CONVERSION = YES;
				CLANG_WARN_NON_LITERAL_NULL_CONVERSION = YES;
				CLANG_WARN_OBJC_IMPLICIT_RETAIN_SELF = YES;
				CLANG_WARN_OBJC_LITERAL_CONVERSION = YES;
				CLANG_WARN_OBJC_ROOT_CLASS = YES_ERROR;
				CLANG_WARN_RANGE_LOOP_ANALYSIS = YES;
				CLANG_WARN_STRICT_PROTOTYPES = YES;
				CLANG_WARN_SUSPICIOUS_MOVE = YES;
				CLANG_WARN_UNGUARDED_AVAILABILITY = YES_AGGRESSIVE;
				CLANG_WARN_UNREACHABLE_CODE = YES;
				CLANG_WARN__DUPLICATE_METHOD_MATCH = YES;
				CODE_SIGN_IDENTITY = "iPhone Developer";
				COPY_PHASE_STRIP = NO;
				DEBUG_INFORMATION_FORMAT = dwarf;
				ENABLE_STRICT_OBJC_MSGSEND = YES;
				ENABLE_TESTABILITY = YES;
				GCC_C_LANGUAGE_STANDARD = gnu11;
				GCC_DYNAMIC_NO_PIC = NO;
				GCC_NO_COMMON_BLOCKS = YES;
				GCC_OPTIMIZATION_LEVEL = 0;
				GCC_PREPROCESSOR_DEFINITIONS = (
					"DEBUG=1",
					"$(inherited)",
				);
				GCC_WARN_64_TO_32_BIT_CONVERSION = YES;
				GCC_WARN_ABOUT_RETURN_TYPE = YES_ERROR;
				GCC_WARN_UNDECLARED_SELECTOR = YES;
				GCC_WARN_UNINITIALIZED_AUTOS = YES_AGGRESSIVE;
				GCC_WARN_UNUSED_FUNCTION = YES;
				GCC_WARN_UNUSED_VARIABLE = YES;
				IPHONEOS_DEPLOYMENT_TARGET = 12.1;
				MTL_ENABLE_DEBUG_INFO = INCLUDE_SOURCE;
				MTL_FAST_MATH = YES;
				ONLY_ACTIVE_ARCH = YES;
				SDKROOT = iphoneos;
				SWIFT_ACTIVE_COMPILATION_CONDITIONS = DEBUG;
				SWIFT_OPTIMIZATION_LEVEL = "-Onone";
			};
			name = Debug;
		};
		42AB73C3222F351C0071CD86 /* Release */ = {
			isa = XCBuildConfiguration;
			buildSettings = {
				ALWAYS_SEARCH_USER_PATHS = NO;
				CLANG_ANALYZER_NONNULL = YES;
				CLANG_ANALYZER_NUMBER_OBJECT_CONVERSION = YES_AGGRESSIVE;
				CLANG_CXX_LANGUAGE_STANDARD = "gnu++14";
				CLANG_CXX_LIBRARY = "libc++";
				CLANG_ENABLE_MODULES = YES;
				CLANG_ENABLE_OBJC_ARC = YES;
				CLANG_ENABLE_OBJC_WEAK = YES;
				CLANG_WARN_BLOCK_CAPTURE_AUTORELEASING = YES;
				CLANG_WARN_BOOL_CONVERSION = YES;
				CLANG_WARN_COMMA = YES;
				CLANG_WARN_CONSTANT_CONVERSION = YES;
				CLANG_WARN_DEPRECATED_OBJC_IMPLEMENTATIONS = YES;
				CLANG_WARN_DIRECT_OBJC_ISA_USAGE = YES_ERROR;
				CLANG_WARN_DOCUMENTATION_COMMENTS = YES;
				CLANG_WARN_EMPTY_BODY = YES;
				CLANG_WARN_ENUM_CONVERSION = YES;
				CLANG_WARN_INFINITE_RECURSION = YES;
				CLANG_WARN_INT_CONVERSION = YES;
				CLANG_WARN_NON_LITERAL_NULL_CONVERSION = YES;
				CLANG_WARN_OBJC_IMPLICIT_RETAIN_SELF = YES;
				CLANG_WARN_OBJC_LITERAL_CONVERSION = YES;
				CLANG_WARN_OBJC_ROOT_CLASS = YES_ERROR;
				CLANG_WARN_RANGE_LOOP_ANALYSIS = YES;
				CLANG_WARN_STRICT_PROTOTYPES = YES;
				CLANG_WARN_SUSPICIOUS_MOVE = YES;
				CLANG_WARN_UNGUARDED_AVAILABILITY = YES_AGGRESSIVE;
				CLANG_WARN_UNREACHABLE_CODE = YES;
				CLANG_WARN__DUPLICATE_METHOD_MATCH = YES;
				CODE_SIGN_IDENTITY = "iPhone Developer";
				COPY_PHASE_STRIP = NO;
				DEBUG_INFORMATION_FORMAT = "dwarf-with-dsym";
				ENABLE_NS_ASSERTIONS = NO;
				ENABLE_STRICT_OBJC_MSGSEND = YES;
				GCC_C_LANGUAGE_STANDARD = gnu11;
				GCC_NO_COMMON_BLOCKS = YES;
				GCC_WARN_64_TO_32_BIT_CONVERSION = YES;
				GCC_WARN_ABOUT_RETURN_TYPE = YES_ERROR;
				GCC_WARN_UNDECLARED_SELECTOR = YES;
				GCC_WARN_UNINITIALIZED_AUTOS = YES_AGGRESSIVE;
				GCC_WARN_UNUSED_FUNCTION = YES;
				GCC_WARN_UNUSED_VARIABLE = YES;
				IPHONEOS_DEPLOYMENT_TARGET = 12.1;
				MTL_ENABLE_DEBUG_INFO = NO;
				MTL_FAST_MATH = YES;
				SDKROOT = iphoneos;
				SWIFT_COMPILATION_MODE = wholemodule;
				SWIFT_OPTIMIZATION_LEVEL = "-O";
				VALIDATE_PRODUCT = YES;
			};
			name = Release;
		};
		42AB73C5222F351C0071CD86 /* Debug */ = {
			isa = XCBuildConfiguration;
			baseConfigurationReference = D5EE64D88F3B5562ED371EFF /* Pods-ChartsTest.debug.xcconfig */;
			buildSettings = {
				ASSETCATALOG_COMPILER_APPICON_NAME = AppIcon;
				CODE_SIGN_STYLE = Automatic;
				DEVELOPMENT_TEAM = 2XN7W4EZ34;
				INFOPLIST_FILE = ChartsTest/Info.plist;
				LD_RUNPATH_SEARCH_PATHS = (
					"$(inherited)",
					"@executable_path/Frameworks",
				);
				PRODUCT_BUNDLE_IDENTIFIER = com.notjosh.ChartsTest;
				PRODUCT_NAME = "$(TARGET_NAME)";
				SWIFT_VERSION = 4.2;
				TARGETED_DEVICE_FAMILY = "1,2";
			};
			name = Debug;
		};
		42AB73C6222F351C0071CD86 /* Release */ = {
			isa = XCBuildConfiguration;
			baseConfigurationReference = 76DFF4FA33CE9273E0FEBD44 /* Pods-ChartsTest.release.xcconfig */;
			buildSettings = {
				ASSETCATALOG_COMPILER_APPICON_NAME = AppIcon;
				CODE_SIGN_STYLE = Automatic;
				DEVELOPMENT_TEAM = 2XN7W4EZ34;
				INFOPLIST_FILE = ChartsTest/Info.plist;
				LD_RUNPATH_SEARCH_PATHS = (
					"$(inherited)",
					"@executable_path/Frameworks",
				);
				PRODUCT_BUNDLE_IDENTIFIER = com.notjosh.ChartsTest;
				PRODUCT_NAME = "$(TARGET_NAME)";
				SWIFT_VERSION = 4.2;
				TARGETED_DEVICE_FAMILY = "1,2";
			};
			name = Release;
		};
/* End XCBuildConfiguration section */

/* Begin XCConfigurationList section */
		42AB73AD222F35180071CD86 /* Build configuration list for PBXProject "ChartsTest" */ = {
			isa = XCConfigurationList;
			buildConfigurations = (
				42AB73C2222F351C0071CD86 /* Debug */,
				42AB73C3222F351C0071CD86 /* Release */,
			);
			defaultConfigurationIsVisible = 0;
			defaultConfigurationName = Release;
		};
		42AB73C4222F351C0071CD86 /* Build configuration list for PBXNativeTarget "ChartsTest" */ = {
			isa = XCConfigurationList;
			buildConfigurations = (
				42AB73C5222F351C0071CD86 /* Debug */,
				42AB73C6222F351C0071CD86 /* Release */,
			);
			defaultConfigurationIsVisible = 0;
			defaultConfigurationName = Release;
		};
/* End XCConfigurationList section */
	};
	rootObject = 42AB73AA222F35180071CD86 /* Project object */;
}
